
Microsoft Visual Studio Solution File, Format Version 12.00
# Visual Studio Version 17
VisualStudioVersion = 17.14.36429.23 d17.14
MinimumVisualStudioVersion = 10.0.40219.1
Project("{FAE04EC0-301F-11D3-BF4B-00C04F79EFBC}") = "PersonalPages", "PersonalPages.csproj", "{EF6BB97B-1396-4BB5-A63B-8B07700D4E22}"
EndProject
Global
	GlobalSection(SolutionConfigurationPlatforms) = preSolution
		Debug|Any CPU = Debug|Any CPU
		Release|Any CPU = Release|Any CPU
	EndGlobalSection
	GlobalSection(ProjectConfigurationPlatforms) = postSolution
		{EF6BB97B-1396-4BB5-A63B-8B07700D4E22}.Debug|Any CPU.ActiveCfg = Debug|Any CPU
		{EF6BB97B-1396-4BB5-A63B-8B07700D4E22}.Debug|Any CPU.Build.0 = Debug|Any CPU
		{EF6BB97B-1396-4BB5-A63B-8B07700D4E22}.Release|Any CPU.ActiveCfg = Release|Any CPU
		{EF6BB97B-1396-4BB5-A63B-8B07700D4E22}.Release|Any CPU.Build.0 = Release|Any CPU
	EndGlobalSection
	GlobalSection(SolutionProperties) = preSolution
		HideSolutionNode = FALSE
	EndGlobalSection
	GlobalSection(ExtensibilityGlobals) = postSolution
		SolutionGuid = {641066ED-2BB8-43EF-A999-35D375C1BEE5}
	EndGlobalSection
EndGlobal
